// !$*UTF8*$!
{
	archiveVersion = 1;
	classes = {
	};
	objectVersion = 46;
	objects = {

/* Begin PBXBuildFile section */
		1DA953141F1940AD006E4C56 /* AppDelegate.swift in Sources */ = {isa = PBXBuildFile; fileRef = 1DA953131F1940AD006E4C56 /* AppDelegate.swift */; };
		1DA953191F1940AD006E4C56 /* Main.storyboard in Resources */ = {isa = PBXBuildFile; fileRef = 1DA953171F1940AD006E4C56 /* Main.storyboard */; };
		1DA9531C1F1940AD006E4C56 /* Star_Wars_Encyclopedia.xcdatamodeld in Sources */ = {isa = PBXBuildFile; fileRef = 1DA9531A1F1940AD006E4C56 /* Star_Wars_Encyclopedia.xcdatamodeld */; };
		1DA9531E1F1940AD006E4C56 /* Assets.xcassets in Resources */ = {isa = PBXBuildFile; fileRef = 1DA9531D1F1940AD006E4C56 /* Assets.xcassets */; };
		1DA953211F1940AD006E4C56 /* LaunchScreen.storyboard in Resources */ = {isa = PBXBuildFile; fileRef = 1DA9531F1F1940AD006E4C56 /* LaunchScreen.storyboard */; };
		1DA953291F194121006E4C56 /* PeopleViewController.swift in Sources */ = {isa = PBXBuildFile; fileRef = 1DA953281F194121006E4C56 /* PeopleViewController.swift */; };
		1DA9532D1F1D425D006E4C56 /* FilmTableViewController.swift in Sources */ = {isa = PBXBuildFile; fileRef = 1DA9532C1F1D425D006E4C56 /* FilmTableViewController.swift */; };
/* End PBXBuildFile section */

/* Begin PBXFileReference section */
		1DA953101F1940AD006E4C56 /* Star Wars Encyclopedia.app */ = {isa = PBXFileReference; explicitFileType = wrapper.application; includeInIndex = 0; path = "Star Wars Encyclopedia.app"; sourceTree = BUILT_PRODUCTS_DIR; };
		1DA953131F1940AD006E4C56 /* AppDelegate.swift */ = {isa = PBXFileReference; lastKnownFileType = sourcecode.swift; path = AppDelegate.swift; sourceTree = "<group>"; };
		1DA953181F1940AD006E4C56 /* Base */ = {isa = PBXFileReference; lastKnownFileType = file.storyboard; name = Base; path = Base.lproj/Main.storyboard; sourceTree = "<group>"; };
		1DA9531B1F1940AD006E4C56 /* Star_Wars_Encyclopedia.xcdatamodel */ = {isa = PBXFileReference; lastKnownFileType = wrapper.xcdatamodel; path = Star_Wars_Encyclopedia.xcdatamodel; sourceTree = "<group>"; };
		1DA9531D1F1940AD006E4C56 /* Assets.xcassets */ = {isa = PBXFileReference; lastKnownFileType = folder.assetcatalog; path = Assets.xcassets; sourceTree = "<group>"; };
		1DA953201F1940AD006E4C56 /* Base */ = {isa = PBXFileReference; lastKnownFileType = file.storyboard; name = Base; path = Base.lproj/LaunchScreen.storyboard; sourceTree = "<group>"; };
		1DA953221F1940AD006E4C56 /* Info.plist */ = {isa = PBXFileReference; lastKnownFileType = text.plist.xml; path = Info.plist; sourceTree = "<group>"; };
		1DA953281F194121006E4C56 /* PeopleViewController.swift */ = {isa = PBXFileReference; fileEncoding = 4; lastKnownFileType = sourcecode.swift; path = PeopleViewController.swift; sourceTree = "<group>"; };
		1DA9532C1F1D425D006E4C56 /* FilmTableViewController.swift */ = {isa = PBXFileReference; fileEncoding = 4; lastKnownFileType = sourcecode.swift; path = FilmTableViewController.swift; sourceTree = "<group>"; };
/* End PBXFileReference section */

/* Begin PBXFrameworksBuildPhase section */
		1DA9530D1F1940AD006E4C56 /* Frameworks */ = {
			isa = PBXFrameworksBuildPhase;
			buildActionMask = 2147483647;
			files = (
			);
			runOnlyForDeploymentPostprocessing = 0;
		};
/* End PBXFrameworksBuildPhase section */

/* Begin PBXGroup section */
		1DA953071F1940AD006E4C56 = {
			isa = PBXGroup;
			children = (
				1DA953121F1940AD006E4C56 /* Star Wars Encyclopedia */,
				1DA953111F1940AD006E4C56 /* Products */,
			);
			sourceTree = "<group>";
		};
		1DA953111F1940AD006E4C56 /* Products */ = {
			isa = PBXGroup;
			children = (
				1DA953101F1940AD006E4C56 /* Star Wars Encyclopedia.app */,
			);
			name = Products;
			sourceTree = "<group>";
		};
		1DA953121F1940AD006E4C56 /* Star Wars Encyclopedia */ = {
			isa = PBXGroup;
			children = (
				1DA953131F1940AD006E4C56 /* AppDelegate.swift */,
				1DA953171F1940AD006E4C56 /* Main.storyboard */,
				1DA953281F194121006E4C56 /* PeopleViewController.swift */,
				1DA9532C1F1D425D006E4C56 /* FilmTableViewController.swift */,
				1DA9531D1F1940AD006E4C56 /* Assets.xcassets */,
				1DA9531F1F1940AD006E4C56 /* LaunchScreen.storyboard */,
				1DA953221F1940AD006E4C56 /* Info.plist */,
				1DA9531A1F1940AD006E4C56 /* Star_Wars_Encyclopedia.xcdatamodeld */,
			);
			path = "Star Wars Encyclopedia";
			sourceTree = "<group>";
		};
/* End PBXGroup section */

/* Begin PBXNativeTarget section */
		1DA9530F1F1940AD006E4C56 /* Star Wars Encyclopedia */ = {
			isa = PBXNativeTarget;
			buildConfigurationList = 1DA953251F1940AD006E4C56 /* Build configuration list for PBXNativeTarget "Star Wars Encyclopedia" */;
			buildPhases = (
				1DA9530C1F1940AD006E4C56 /* Sources */,
				1DA9530D1F1940AD006E4C56 /* Frameworks */,
				1DA9530E1F1940AD006E4C56 /* Resources */,
			);
			buildRules = (
			);
			dependencies = (
			);
			name = "Star Wars Encyclopedia";
			productName = "Star Wars Encyclopedia";
			productReference = 1DA953101F1940AD006E4C56 /* Star Wars Encyclopedia.app */;
			productType = "com.apple.product-type.application";
		};
/* End PBXNativeTarget section */

/* Begin PBXProject section */
		1DA953081F1940AD006E4C56 /* Project object */ = {
			isa = PBXProject;
			attributes = {
				LastSwiftUpdateCheck = 0830;
				LastUpgradeCheck = 0830;
				ORGANIZATIONNAME = xCoders;
				TargetAttributes = {
					1DA9530F1F1940AD006E4C56 = {
						CreatedOnToolsVersion = 8.3.3;
						DevelopmentTeam = YJGM4WFB48;
						ProvisioningStyle = Automatic;
					};
				};
			};
			buildConfigurationList = 1DA9530B1F1940AD006E4C56 /* Build configuration list for PBXProject "Star Wars Encyclopedia" */;
			compatibilityVersion = "Xcode 3.2";
			developmentRegion = English;
			hasScannedForEncodings = 0;
			knownRegions = (
				en,
				Base,
			);
			mainGroup = 1DA953071F1940AD006E4C56;
			productRefGroup = 1DA953111F1940AD006E4C56 /* Products */;
			projectDirPath = "";
			projectRoot = "";
			targets = (
				1DA9530F1F1940AD006E4C56 /* Star Wars Encyclopedia */,
			);
		};
/* End PBXProject section */

/* Begin PBXResourcesBuildPhase section */
		1DA9530E1F1940AD006E4C56 /* Resources */ = {
			isa = PBXResourcesBuildPhase;
			buildActionMask = 2147483647;
			files = (
				1DA953211F1940AD006E4C56 /* LaunchScreen.storyboard in Resources */,
				1DA9531E1F1940AD006E4C56 /* Assets.xcassets in Resources */,
				1DA953191F1940AD006E4C56 /* Main.storyboard in Resources */,
			);
			runOnlyForDeploymentPostprocessing = 0;
		};
/* End PBXResourcesBuildPhase section */

/* Begin PBXSourcesBuildPhase section */
		1DA9530C1F1940AD006E4C56 /* Sources */ = {
			isa = PBXSourcesBuildPhase;
			buildActionMask = 2147483647;
			files = (
				1DA953141F1940AD006E4C56 /* AppDelegate.swift in Sources */,
				1DA9531C1F1940AD006E4C56 /* Star_Wars_Encyclopedia.xcdatamodeld in Sources */,
				1DA953291F194121006E4C56 /* PeopleViewController.swift in Sources */,
				1DA9532D1F1D425D006E4C56 /* FilmTableViewController.swift in Sources */,
			);
			runOnlyForDeploymentPostprocessing = 0;
		};
/* End PBXSourcesBuildPhase section */

/* Begin PBXVariantGroup section */
		1DA953171F1940AD006E4C56 /* Main.storyboard */ = {
			isa = PBXVariantGroup;
			children = (
				1DA953181F1940AD006E4C56 /* Base */,
			);
			name = Main.storyboard;
			sourceTree = "<group>";
		};
		1DA9531F1F1940AD006E4C56 /* LaunchScreen.storyboard */ = {
			isa = PBXVariantGroup;
			children = (
				1DA953201F1940AD006E4C56 /* Base */,
			);
			name = LaunchScreen.storyboard;
			sourceTree = "<group>";
		};
/* End PBXVariantGroup section */

/* Begin XCBuildConfiguration section */
		1DA953231F1940AD006E4C56 /* Debug */ = {
			isa = XCBuildConfiguration;
			buildSettings = {
				ALWAYS_SEARCH_USER_PATHS = NO;
				CLANG_ANALYZER_NONNULL = YES;
				CLANG_ANALYZER_NUMBER_OBJECT_CONVERSION = YES_AGGRESSIVE;
				CLANG_CXX_LANGUAGE_STANDARD = "gnu++0x";
				CLANG_CXX_LIBRARY = "libc++";
				CLANG_ENABLE_MODULES = YES;
				CLANG_ENABLE_OBJC_ARC = YES;
				CLANG_WARN_BOOL_CONVERSION = YES;
				CLANG_WARN_CONSTANT_CONVERSION = YES;
				CLANG_WARN_DIRECT_OBJC_ISA_USAGE = YES_ERROR;
				CLANG_WARN_DOCUMENTATION_COMMENTS = YES;
				CLANG_WARN_EMPTY_BODY = YES;
				CLANG_WARN_ENUM_CONVERSION = YES;
				CLANG_WARN_INFINITE_RECURSION = YES;
				CLANG_WARN_INT_CONVERSION = YES;
				CLANG_WARN_OBJC_ROOT_CLASS = YES_ERROR;
				CLANG_WARN_SUSPICIOUS_MOVE = YES;
				CLANG_WARN_UNREACHABLE_CODE = YES;
				CLANG_WARN__DUPLICATE_METHOD_MATCH = YES;
				"CODE_SIGN_IDENTITY[sdk=iphoneos*]" = "iPhone Developer";
				COPY_PHASE_STRIP = NO;
				DEBUG_INFORMATION_FORMAT = dwarf;
				ENABLE_STRICT_OBJC_MSGSEND = YES;
				ENABLE_TESTABILITY = YES;
				GCC_C_LANGUAGE_STANDARD = gnu99;
				GCC_DYNAMIC_NO_PIC = NO;
				GCC_NO_COMMON_BLOCKS = YES;
				GCC_OPTIMIZATION_LEVEL = 0;
				GCC_PREPROCESSOR_DEFINITIONS = (
					"DEBUG=1",
					"$(inherited)",
				);
				GCC_WARN_64_TO_32_BIT_CONVERSION = YES;
				GCC_WARN_ABOUT_RETURN_TYPE = YES_ERROR;
				GCC_WARN_UNDECLARED_SELECTOR = YES;
				GCC_WARN_UNINITIALIZED_AUTOS = YES_AGGRESSIVE;
				GCC_WARN_UNUSED_FUNCTION = YES;
				GCC_WARN_UNUSED_VARIABLE = YES;
				IPHONEOS_DEPLOYMENT_TARGET = 10.3;
				MTL_ENABLE_DEBUG_INFO = YES;
				ONLY_ACTIVE_ARCH = YES;
				SDKROOT = iphoneos;
				SWIFT_ACTIVE_COMPILATION_CONDITIONS = DEBUG;
				SWIFT_OPTIMIZATION_LEVEL = "-Onone";
			};
			name = Debug;
		};
		1DA953241F1940AD006E4C56 /* Release */ = {
			isa = XCBuildConfiguration;
			buildSettings = {
				ALWAYS_SEARCH_USER_PATHS = NO;
				CLANG_ANALYZER_NONNULL = YES;
				CLANG_ANALYZER_NUMBER_OBJECT_CONVERSION = YES_AGGRESSIVE;
				CLANG_CXX_LANGUAGE_STANDARD = "gnu++0x";
				CLANG_CXX_LIBRARY = "libc++";
				CLANG_ENABLE_MODULES = YES;
				CLANG_ENABLE_OBJC_ARC = YES;
				CLANG_WARN_BOOL_CONVERSION = YES;
				CLANG_WARN_CONSTANT_CONVERSION = YES;
				CLANG_WARN_DIRECT_OBJC_ISA_USAGE = YES_ERROR;
				CLANG_WARN_DOCUMENTATION_COMMENTS = YES;
				CLANG_WARN_EMPTY_BODY = YES;
				CLANG_WARN_ENUM_CONVERSION = YES;
				CLANG_WARN_INFINITE_RECURSION = YES;
				CLANG_WARN_INT_CONVERSION = YES;
				CLANG_WARN_OBJC_ROOT_CLASS = YES_ERROR;
				CLANG_WARN_SUSPICIOUS_MOVE = YES;
				CLANG_WARN_UNREACHABLE_CODE = YES;
				CLANG_WARN__DUPLICATE_METHOD_MATCH = YES;
				"CODE_SIGN_IDENTITY[sdk=iphoneos*]" = "iPhone Developer";
				COPY_PHASE_STRIP = NO;
				DEBUG_INFORMATION_FORMAT = "dwarf-with-dsym";
				ENABLE_NS_ASSERTIONS = NO;
				ENABLE_STRICT_OBJC_MSGSEND = YES;
				GCC_C_LANGUAGE_STANDARD = gnu99;
				GCC_NO_COMMON_BLOCKS = YES;
				GCC_WARN_64_TO_32_BIT_CONVERSION = YES;
				GCC_WARN_ABOUT_RETURN_TYPE = YES_ERROR;
				GCC_WARN_UNDECLARED_SELECTOR = YES;
				GCC_WARN_UNINITIALIZED_AUTOS = YES_AGGRESSIVE;
				GCC_WARN_UNUSED_FUNCTION = YES;
				GCC_WARN_UNUSED_VARIABLE = YES;
				IPHONEOS_DEPLOYMENT_TARGET = 10.3;
				MTL_ENABLE_DEBUG_INFO = NO;
				SDKROOT = iphoneos;
				SWIFT_OPTIMIZATION_LEVEL = "-Owholemodule";
				VALIDATE_PRODUCT = YES;
			};
			name = Release;
		};
		1DA953261F1940AD006E4C56 /* Debug */ = {
			isa = XCBuildConfiguration;
			buildSettings = {
				ASSETCATALOG_COMPILER_APPICON_NAME = AppIcon;
				DEVELOPMENT_TEAM = YJGM4WFB48;
				INFOPLIST_FILE = "Star Wars Encyclopedia/Info.plist";
				LD_RUNPATH_SEARCH_PATHS = "$(inherited) @executable_path/Frameworks";
				PRODUCT_BUNDLE_IDENTIFIER = "xCoders.Star-Wars-Encyclopedia";
				PRODUCT_NAME = "$(TARGET_NAME)";
				SWIFT_VERSION = 3.0;
			};
			name = Debug;
		};
		1DA953271F1940AD006E4C56 /* Release */ = {
			isa = XCBuildConfiguration;
			buildSettings = {
				ASSETCATALOG_COMPILER_APPICON_NAME = AppIcon;
				DEVELOPMENT_TEAM = YJGM4WFB48;
				INFOPLIST_FILE = "Star Wars Encyclopedia/Info.plist";
				LD_RUNPATH_SEARCH_PATHS = "$(inherited) @executable_path/Frameworks";
				PRODUCT_BUNDLE_IDENTIFIER = "xCoders.Star-Wars-Encyclopedia";
				PRODUCT_NAME = "$(TARGET_NAME)";
				SWIFT_VERSION = 3.0;
			};
			name = Release;
		};
/* End XCBuildConfiguration section */

/* Begin XCConfigurationList section */
		1DA9530B1F1940AD006E4C56 /* Build configuration list for PBXProject "Star Wars Encyclopedia" */ = {
			isa = XCConfigurationList;
			buildConfigurations = (
				1DA953231F1940AD006E4C56 /* Debug */,
				1DA953241F1940AD006E4C56 /* Release */,
			);
			defaultConfigurationIsVisible = 0;
			defaultConfigurationName = Release;
		};
		1DA953251F1940AD006E4C56 /* Build configuration list for PBXNativeTarget "Star Wars Encyclopedia" */ = {
			isa = XCConfigurationList;
			buildConfigurations = (
				1DA953261F1940AD006E4C56 /* Debug */,
				1DA953271F1940AD006E4C56 /* Release */,
			);
			defaultConfigurationIsVisible = 0;
			defaultConfigurationName = Release;
		};
/* End XCConfigurationList section */

/* Begin XCVersionGroup section */
		1DA9531A1F1940AD006E4C56 /* Star_Wars_Encyclopedia.xcdatamodeld */ = {
			isa = XCVersionGroup;
			children = (
				1DA9531B1F1940AD006E4C56 /* Star_Wars_Encyclopedia.xcdatamodel */,
			);
			currentVersion = 1DA9531B1F1940AD006E4C56 /* Star_Wars_Encyclopedia.xcdatamodel */;
			path = Star_Wars_Encyclopedia.xcdatamodeld;
			sourceTree = "<group>";
			versionGroupType = wrapper.xcdatamodel;
		};
/* End XCVersionGroup section */
	};
	rootObject = 1DA953081F1940AD006E4C56 /* Project object */;
}
