// !$*UTF8*$!
{
	archiveVersion = 1;
	classes = {
	};
	objectVersion = 46;
	objects = {

/* Begin PBXBuildFile section */
		1DFF413F1F0EE2B300DDA99E /* AppDelegate.swift in Sources */ = {isa = PBXBuildFile; fileRef = 1DFF413E1F0EE2B300DDA99E /* AppDelegate.swift */; };
		1DFF41411F0EE2B300DDA99E /* ViewController.swift in Sources */ = {isa = PBXBuildFile; fileRef = 1DFF41401F0EE2B300DDA99E /* ViewController.swift */; };
		1DFF41441F0EE2B300DDA99E /* Main.storyboard in Resources */ = {isa = PBXBuildFile; fileRef = 1DFF41421F0EE2B300DDA99E /* Main.storyboard */; };
		1DFF41461F0EE2B300DDA99E /* Assets.xcassets in Resources */ = {isa = PBXBuildFile; fileRef = 1DFF41451F0EE2B300DDA99E /* Assets.xcassets */; };
		1DFF41491F0EE2B300DDA99E /* LaunchScreen.storyboard in Resources */ = {isa = PBXBuildFile; fileRef = 1DFF41471F0EE2B300DDA99E /* LaunchScreen.storyboard */; };
		1DFF41541F0EE2B300DDA99E /* tickTackToeTests.swift in Sources */ = {isa = PBXBuildFile; fileRef = 1DFF41531F0EE2B300DDA99E /* tickTackToeTests.swift */; };
		1DFF415F1F0EE2B300DDA99E /* tickTackToeUITests.swift in Sources */ = {isa = PBXBuildFile; fileRef = 1DFF415E1F0EE2B300DDA99E /* tickTackToeUITests.swift */; };
/* End PBXBuildFile section */

/* Begin PBXContainerItemProxy section */
		1DFF41501F0EE2B300DDA99E /* PBXContainerItemProxy */ = {
			isa = PBXContainerItemProxy;
			containerPortal = 1DFF41331F0EE2B300DDA99E /* Project object */;
			proxyType = 1;
			remoteGlobalIDString = 1DFF413A1F0EE2B300DDA99E;
			remoteInfo = tickTackToe;
		};
		1DFF415B1F0EE2B300DDA99E /* PBXContainerItemProxy */ = {
			isa = PBXContainerItemProxy;
			containerPortal = 1DFF41331F0EE2B300DDA99E /* Project object */;
			proxyType = 1;
			remoteGlobalIDString = 1DFF413A1F0EE2B300DDA99E;
			remoteInfo = tickTackToe;
		};
/* End PBXContainerItemProxy section */

/* Begin PBXFileReference section */
		1DFF413B1F0EE2B300DDA99E /* tickTackToe.app */ = {isa = PBXFileReference; explicitFileType = wrapper.application; includeInIndex = 0; path = tickTackToe.app; sourceTree = BUILT_PRODUCTS_DIR; };
		1DFF413E1F0EE2B300DDA99E /* AppDelegate.swift */ = {isa = PBXFileReference; lastKnownFileType = sourcecode.swift; path = AppDelegate.swift; sourceTree = "<group>"; };
		1DFF41401F0EE2B300DDA99E /* ViewController.swift */ = {isa = PBXFileReference; lastKnownFileType = sourcecode.swift; path = ViewController.swift; sourceTree = "<group>"; };
		1DFF41431F0EE2B300DDA99E /* Base */ = {isa = PBXFileReference; lastKnownFileType = file.storyboard; name = Base; path = Base.lproj/Main.storyboard; sourceTree = "<group>"; };
		1DFF41451F0EE2B300DDA99E /* Assets.xcassets */ = {isa = PBXFileReference; lastKnownFileType = folder.assetcatalog; path = Assets.xcassets; sourceTree = "<group>"; };
		1DFF41481F0EE2B300DDA99E /* Base */ = {isa = PBXFileReference; lastKnownFileType = file.storyboard; name = Base; path = Base.lproj/LaunchScreen.storyboard; sourceTree = "<group>"; };
		1DFF414A1F0EE2B300DDA99E /* Info.plist */ = {isa = PBXFileReference; lastKnownFileType = text.plist.xml; path = Info.plist; sourceTree = "<group>"; };
		1DFF414F1F0EE2B300DDA99E /* tickTackToeTests.xctest */ = {isa = PBXFileReference; explicitFileType = wrapper.cfbundle; includeInIndex = 0; path = tickTackToeTests.xctest; sourceTree = BUILT_PRODUCTS_DIR; };
		1DFF41531F0EE2B300DDA99E /* tickTackToeTests.swift */ = {isa = PBXFileReference; lastKnownFileType = sourcecode.swift; path = tickTackToeTests.swift; sourceTree = "<group>"; };
		1DFF41551F0EE2B300DDA99E /* Info.plist */ = {isa = PBXFileReference; lastKnownFileType = text.plist.xml; path = Info.plist; sourceTree = "<group>"; };
		1DFF415A1F0EE2B300DDA99E /* tickTackToeUITests.xctest */ = {isa = PBXFileReference; explicitFileType = wrapper.cfbundle; includeInIndex = 0; path = tickTackToeUITests.xctest; sourceTree = BUILT_PRODUCTS_DIR; };
		1DFF415E1F0EE2B300DDA99E /* tickTackToeUITests.swift */ = {isa = PBXFileReference; lastKnownFileType = sourcecode.swift; path = tickTackToeUITests.swift; sourceTree = "<group>"; };
		1DFF41601F0EE2B300DDA99E /* Info.plist */ = {isa = PBXFileReference; lastKnownFileType = text.plist.xml; path = Info.plist; sourceTree = "<group>"; };
/* End PBXFileReference section */

/* Begin PBXFrameworksBuildPhase section */
		1DFF41381F0EE2B300DDA99E /* Frameworks */ = {
			isa = PBXFrameworksBuildPhase;
			buildActionMask = 2147483647;
			files = (
			);
			runOnlyForDeploymentPostprocessing = 0;
		};
		1DFF414C1F0EE2B300DDA99E /* Frameworks */ = {
			isa = PBXFrameworksBuildPhase;
			buildActionMask = 2147483647;
			files = (
			);
			runOnlyForDeploymentPostprocessing = 0;
		};
		1DFF41571F0EE2B300DDA99E /* Frameworks */ = {
			isa = PBXFrameworksBuildPhase;
			buildActionMask = 2147483647;
			files = (
			);
			runOnlyForDeploymentPostprocessing = 0;
		};
/* End PBXFrameworksBuildPhase section */

/* Begin PBXGroup section */
		1DFF41321F0EE2B300DDA99E = {
			isa = PBXGroup;
			children = (
				1DFF413D1F0EE2B300DDA99E /* tickTackToe */,
				1DFF41521F0EE2B300DDA99E /* tickTackToeTests */,
				1DFF415D1F0EE2B300DDA99E /* tickTackToeUITests */,
				1DFF413C1F0EE2B300DDA99E /* Products */,
			);
			sourceTree = "<group>";
		};
		1DFF413C1F0EE2B300DDA99E /* Products */ = {
			isa = PBXGroup;
			children = (
				1DFF413B1F0EE2B300DDA99E /* tickTackToe.app */,
				1DFF414F1F0EE2B300DDA99E /* tickTackToeTests.xctest */,
				1DFF415A1F0EE2B300DDA99E /* tickTackToeUITests.xctest */,
			);
			name = Products;
			sourceTree = "<group>";
		};
		1DFF413D1F0EE2B300DDA99E /* tickTackToe */ = {
			isa = PBXGroup;
			children = (
				1DFF413E1F0EE2B300DDA99E /* AppDelegate.swift */,
				1DFF41401F0EE2B300DDA99E /* ViewController.swift */,
				1DFF41421F0EE2B300DDA99E /* Main.storyboard */,
				1DFF41451F0EE2B300DDA99E /* Assets.xcassets */,
				1DFF41471F0EE2B300DDA99E /* LaunchScreen.storyboard */,
				1DFF414A1F0EE2B300DDA99E /* Info.plist */,
			);
			path = tickTackToe;
			sourceTree = "<group>";
		};
		1DFF41521F0EE2B300DDA99E /* tickTackToeTests */ = {
			isa = PBXGroup;
			children = (
				1DFF41531F0EE2B300DDA99E /* tickTackToeTests.swift */,
				1DFF41551F0EE2B300DDA99E /* Info.plist */,
			);
			path = tickTackToeTests;
			sourceTree = "<group>";
		};
		1DFF415D1F0EE2B300DDA99E /* tickTackToeUITests */ = {
			isa = PBXGroup;
			children = (
				1DFF415E1F0EE2B300DDA99E /* tickTackToeUITests.swift */,
				1DFF41601F0EE2B300DDA99E /* Info.plist */,
			);
			path = tickTackToeUITests;
			sourceTree = "<group>";
		};
/* End PBXGroup section */

/* Begin PBXNativeTarget section */
		1DFF413A1F0EE2B300DDA99E /* tickTackToe */ = {
			isa = PBXNativeTarget;
			buildConfigurationList = 1DFF41631F0EE2B300DDA99E /* Build configuration list for PBXNativeTarget "tickTackToe" */;
			buildPhases = (
				1DFF41371F0EE2B300DDA99E /* Sources */,
				1DFF41381F0EE2B300DDA99E /* Frameworks */,
				1DFF41391F0EE2B300DDA99E /* Resources */,
			);
			buildRules = (
			);
			dependencies = (
			);
			name = tickTackToe;
			productName = tickTackToe;
			productReference = 1DFF413B1F0EE2B300DDA99E /* tickTackToe.app */;
			productType = "com.apple.product-type.application";
		};
		1DFF414E1F0EE2B300DDA99E /* tickTackToeTests */ = {
			isa = PBXNativeTarget;
			buildConfigurationList = 1DFF41661F0EE2B300DDA99E /* Build configuration list for PBXNativeTarget "tickTackToeTests" */;
			buildPhases = (
				1DFF414B1F0EE2B300DDA99E /* Sources */,
				1DFF414C1F0EE2B300DDA99E /* Frameworks */,
				1DFF414D1F0EE2B300DDA99E /* Resources */,
			);
			buildRules = (
			);
			dependencies = (
				1DFF41511F0EE2B300DDA99E /* PBXTargetDependency */,
			);
			name = tickTackToeTests;
			productName = tickTackToeTests;
			productReference = 1DFF414F1F0EE2B300DDA99E /* tickTackToeTests.xctest */;
			productType = "com.apple.product-type.bundle.unit-test";
		};
		1DFF41591F0EE2B300DDA99E /* tickTackToeUITests */ = {
			isa = PBXNativeTarget;
			buildConfigurationList = 1DFF41691F0EE2B300DDA99E /* Build configuration list for PBXNativeTarget "tickTackToeUITests" */;
			buildPhases = (
				1DFF41561F0EE2B300DDA99E /* Sources */,
				1DFF41571F0EE2B300DDA99E /* Frameworks */,
				1DFF41581F0EE2B300DDA99E /* Resources */,
			);
			buildRules = (
			);
			dependencies = (
				1DFF415C1F0EE2B300DDA99E /* PBXTargetDependency */,
			);
			name = tickTackToeUITests;
			productName = tickTackToeUITests;
			productReference = 1DFF415A1F0EE2B300DDA99E /* tickTackToeUITests.xctest */;
			productType = "com.apple.product-type.bundle.ui-testing";
		};
/* End PBXNativeTarget section */

/* Begin PBXProject section */
		1DFF41331F0EE2B300DDA99E /* Project object */ = {
			isa = PBXProject;
			attributes = {
				LastSwiftUpdateCheck = 0830;
				LastUpgradeCheck = 0830;
				ORGANIZATIONNAME = "Kristopher Merolla";
				TargetAttributes = {
					1DFF413A1F0EE2B300DDA99E = {
						CreatedOnToolsVersion = 8.3.3;
						DevelopmentTeam = YJGM4WFB48;
						ProvisioningStyle = Automatic;
					};
					1DFF414E1F0EE2B300DDA99E = {
						CreatedOnToolsVersion = 8.3.3;
						DevelopmentTeam = YJGM4WFB48;
						ProvisioningStyle = Automatic;
						TestTargetID = 1DFF413A1F0EE2B300DDA99E;
					};
					1DFF41591F0EE2B300DDA99E = {
						CreatedOnToolsVersion = 8.3.3;
						DevelopmentTeam = YJGM4WFB48;
						ProvisioningStyle = Automatic;
						TestTargetID = 1DFF413A1F0EE2B300DDA99E;
					};
				};
			};
			buildConfigurationList = 1DFF41361F0EE2B300DDA99E /* Build configuration list for PBXProject "tickTackToe" */;
			compatibilityVersion = "Xcode 3.2";
			developmentRegion = English;
			hasScannedForEncodings = 0;
			knownRegions = (
				en,
				Base,
			);
			mainGroup = 1DFF41321F0EE2B300DDA99E;
			productRefGroup = 1DFF413C1F0EE2B300DDA99E /* Products */;
			projectDirPath = "";
			projectRoot = "";
			targets = (
				1DFF413A1F0EE2B300DDA99E /* tickTackToe */,
				1DFF414E1F0EE2B300DDA99E /* tickTackToeTests */,
				1DFF41591F0EE2B300DDA99E /* tickTackToeUITests */,
			);
		};
/* End PBXProject section */

/* Begin PBXResourcesBuildPhase section */
		1DFF41391F0EE2B300DDA99E /* Resources */ = {
			isa = PBXResourcesBuildPhase;
			buildActionMask = 2147483647;
			files = (
				1DFF41491F0EE2B300DDA99E /* LaunchScreen.storyboard in Resources */,
				1DFF41461F0EE2B300DDA99E /* Assets.xcassets in Resources */,
				1DFF41441F0EE2B300DDA99E /* Main.storyboard in Resources */,
			);
			runOnlyForDeploymentPostprocessing = 0;
		};
		1DFF414D1F0EE2B300DDA99E /* Resources */ = {
			isa = PBXResourcesBuildPhase;
			buildActionMask = 2147483647;
			files = (
			);
			runOnlyForDeploymentPostprocessing = 0;
		};
		1DFF41581F0EE2B300DDA99E /* Resources */ = {
			isa = PBXResourcesBuildPhase;
			buildActionMask = 2147483647;
			files = (
			);
			runOnlyForDeploymentPostprocessing = 0;
		};
/* End PBXResourcesBuildPhase section */

/* Begin PBXSourcesBuildPhase section */
		1DFF41371F0EE2B300DDA99E /* Sources */ = {
			isa = PBXSourcesBuildPhase;
			buildActionMask = 2147483647;
			files = (
				1DFF41411F0EE2B300DDA99E /* ViewController.swift in Sources */,
				1DFF413F1F0EE2B300DDA99E /* AppDelegate.swift in Sources */,
			);
			runOnlyForDeploymentPostprocessing = 0;
		};
		1DFF414B1F0EE2B300DDA99E /* Sources */ = {
			isa = PBXSourcesBuildPhase;
			buildActionMask = 2147483647;
			files = (
				1DFF41541F0EE2B300DDA99E /* tickTackToeTests.swift in Sources */,
			);
			runOnlyForDeploymentPostprocessing = 0;
		};
		1DFF41561F0EE2B300DDA99E /* Sources */ = {
			isa = PBXSourcesBuildPhase;
			buildActionMask = 2147483647;
			files = (
				1DFF415F1F0EE2B300DDA99E /* tickTackToeUITests.swift in Sources */,
			);
			runOnlyForDeploymentPostprocessing = 0;
		};
/* End PBXSourcesBuildPhase section */

/* Begin PBXTargetDependency section */
		1DFF41511F0EE2B300DDA99E /* PBXTargetDependency */ = {
			isa = PBXTargetDependency;
			target = 1DFF413A1F0EE2B300DDA99E /* tickTackToe */;
			targetProxy = 1DFF41501F0EE2B300DDA99E /* PBXContainerItemProxy */;
		};
		1DFF415C1F0EE2B300DDA99E /* PBXTargetDependency */ = {
			isa = PBXTargetDependency;
			target = 1DFF413A1F0EE2B300DDA99E /* tickTackToe */;
			targetProxy = 1DFF415B1F0EE2B300DDA99E /* PBXContainerItemProxy */;
		};
/* End PBXTargetDependency section */

/* Begin PBXVariantGroup section */
		1DFF41421F0EE2B300DDA99E /* Main.storyboard */ = {
			isa = PBXVariantGroup;
			children = (
				1DFF41431F0EE2B300DDA99E /* Base */,
			);
			name = Main.storyboard;
			sourceTree = "<group>";
		};
		1DFF41471F0EE2B300DDA99E /* LaunchScreen.storyboard */ = {
			isa = PBXVariantGroup;
			children = (
				1DFF41481F0EE2B300DDA99E /* Base */,
			);
			name = LaunchScreen.storyboard;
			sourceTree = "<group>";
		};
/* End PBXVariantGroup section */

/* Begin XCBuildConfiguration section */
		1DFF41611F0EE2B300DDA99E /* Debug */ = {
			isa = XCBuildConfiguration;
			buildSettings = {
				ALWAYS_SEARCH_USER_PATHS = NO;
				CLANG_ANALYZER_NONNULL = YES;
				CLANG_ANALYZER_NUMBER_OBJECT_CONVERSION = YES_AGGRESSIVE;
				CLANG_CXX_LANGUAGE_STANDARD = "gnu++0x";
				CLANG_CXX_LIBRARY = "libc++";
				CLANG_ENABLE_MODULES = YES;
				CLANG_ENABLE_OBJC_ARC = YES;
				CLANG_WARN_BOOL_CONVERSION = YES;
				CLANG_WARN_CONSTANT_CONVERSION = YES;
				CLANG_WARN_DIRECT_OBJC_ISA_USAGE = YES_ERROR;
				CLANG_WARN_DOCUMENTATION_COMMENTS = YES;
				CLANG_WARN_EMPTY_BODY = YES;
				CLANG_WARN_ENUM_CONVERSION = YES;
				CLANG_WARN_INFINITE_RECURSION = YES;
				CLANG_WARN_INT_CONVERSION = YES;
				CLANG_WARN_OBJC_ROOT_CLASS = YES_ERROR;
				CLANG_WARN_SUSPICIOUS_MOVE = YES;
				CLANG_WARN_UNREACHABLE_CODE = YES;
				CLANG_WARN__DUPLICATE_METHOD_MATCH = YES;
				"CODE_SIGN_IDENTITY[sdk=iphoneos*]" = "iPhone Developer";
				COPY_PHASE_STRIP = NO;
				DEBUG_INFORMATION_FORMAT = dwarf;
				ENABLE_STRICT_OBJC_MSGSEND = YES;
				ENABLE_TESTABILITY = YES;
				GCC_C_LANGUAGE_STANDARD = gnu99;
				GCC_DYNAMIC_NO_PIC = NO;
				GCC_NO_COMMON_BLOCKS = YES;
				GCC_OPTIMIZATION_LEVEL = 0;
				GCC_PREPROCESSOR_DEFINITIONS = (
					"DEBUG=1",
					"$(inherited)",
				);
				GCC_WARN_64_TO_32_BIT_CONVERSION = YES;
				GCC_WARN_ABOUT_RETURN_TYPE = YES_ERROR;
				GCC_WARN_UNDECLARED_SELECTOR = YES;
				GCC_WARN_UNINITIALIZED_AUTOS = YES_AGGRESSIVE;
				GCC_WARN_UNUSED_FUNCTION = YES;
				GCC_WARN_UNUSED_VARIABLE = YES;
				IPHONEOS_DEPLOYMENT_TARGET = 10.3;
				MTL_ENABLE_DEBUG_INFO = YES;
				ONLY_ACTIVE_ARCH = YES;
				SDKROOT = iphoneos;
				SWIFT_ACTIVE_COMPILATION_CONDITIONS = DEBUG;
				SWIFT_OPTIMIZATION_LEVEL = "-Onone";
				TARGETED_DEVICE_FAMILY = "1,2";
			};
			name = Debug;
		};
		1DFF41621F0EE2B300DDA99E /* Release */ = {
			isa = XCBuildConfiguration;
			buildSettings = {
				ALWAYS_SEARCH_USER_PATHS = NO;
				CLANG_ANALYZER_NONNULL = YES;
				CLANG_ANALYZER_NUMBER_OBJECT_CONVERSION = YES_AGGRESSIVE;
				CLANG_CXX_LANGUAGE_STANDARD = "gnu++0x";
				CLANG_CXX_LIBRARY = "libc++";
				CLANG_ENABLE_MODULES = YES;
				CLANG_ENABLE_OBJC_ARC = YES;
				CLANG_WARN_BOOL_CONVERSION = YES;
				CLANG_WARN_CONSTANT_CONVERSION = YES;
				CLANG_WARN_DIRECT_OBJC_ISA_USAGE = YES_ERROR;
				CLANG_WARN_DOCUMENTATION_COMMENTS = YES;
				CLANG_WARN_EMPTY_BODY = YES;
				CLANG_WARN_ENUM_CONVERSION = YES;
				CLANG_WARN_INFINITE_RECURSION = YES;
				CLANG_WARN_INT_CONVERSION = YES;
				CLANG_WARN_OBJC_ROOT_CLASS = YES_ERROR;
				CLANG_WARN_SUSPICIOUS_MOVE = YES;
				CLANG_WARN_UNREACHABLE_CODE = YES;
				CLANG_WARN__DUPLICATE_METHOD_MATCH = YES;
				"CODE_SIGN_IDENTITY[sdk=iphoneos*]" = "iPhone Developer";
				COPY_PHASE_STRIP = NO;
				DEBUG_INFORMATION_FORMAT = "dwarf-with-dsym";
				ENABLE_NS_ASSERTIONS = NO;
				ENABLE_STRICT_OBJC_MSGSEND = YES;
				GCC_C_LANGUAGE_STANDARD = gnu99;
				GCC_NO_COMMON_BLOCKS = YES;
				GCC_WARN_64_TO_32_BIT_CONVERSION = YES;
				GCC_WARN_ABOUT_RETURN_TYPE = YES_ERROR;
				GCC_WARN_UNDECLARED_SELECTOR = YES;
				GCC_WARN_UNINITIALIZED_AUTOS = YES_AGGRESSIVE;
				GCC_WARN_UNUSED_FUNCTION = YES;
				GCC_WARN_UNUSED_VARIABLE = YES;
				IPHONEOS_DEPLOYMENT_TARGET = 10.3;
				MTL_ENABLE_DEBUG_INFO = NO;
				SDKROOT = iphoneos;
				SWIFT_OPTIMIZATION_LEVEL = "-Owholemodule";
				TARGETED_DEVICE_FAMILY = "1,2";
				VALIDATE_PRODUCT = YES;
			};
			name = Release;
		};
		1DFF41641F0EE2B300DDA99E /* Debug */ = {
			isa = XCBuildConfiguration;
			buildSettings = {
				ASSETCATALOG_COMPILER_APPICON_NAME = AppIcon;
				DEVELOPMENT_TEAM = YJGM4WFB48;
				INFOPLIST_FILE = tickTackToe/Info.plist;
				LD_RUNPATH_SEARCH_PATHS = "$(inherited) @executable_path/Frameworks";
				PRODUCT_BUNDLE_IDENTIFIER = "Kristopher-Merolla.tickTackToe";
				PRODUCT_NAME = "$(TARGET_NAME)";
				SWIFT_VERSION = 3.0;
			};
			name = Debug;
		};
		1DFF41651F0EE2B300DDA99E /* Release */ = {
			isa = XCBuildConfiguration;
			buildSettings = {
				ASSETCATALOG_COMPILER_APPICON_NAME = AppIcon;
				DEVELOPMENT_TEAM = YJGM4WFB48;
				INFOPLIST_FILE = tickTackToe/Info.plist;
				LD_RUNPATH_SEARCH_PATHS = "$(inherited) @executable_path/Frameworks";
				PRODUCT_BUNDLE_IDENTIFIER = "Kristopher-Merolla.tickTackToe";
				PRODUCT_NAME = "$(TARGET_NAME)";
				SWIFT_VERSION = 3.0;
			};
			name = Release;
		};
		1DFF41671F0EE2B300DDA99E /* Debug */ = {
			isa = XCBuildConfiguration;
			buildSettings = {
				ALWAYS_EMBED_SWIFT_STANDARD_LIBRARIES = YES;
				BUNDLE_LOADER = "$(TEST_HOST)";
				DEVELOPMENT_TEAM = YJGM4WFB48;
				INFOPLIST_FILE = tickTackToeTests/Info.plist;
				LD_RUNPATH_SEARCH_PATHS = "$(inherited) @executable_path/Frameworks @loader_path/Frameworks";
				PRODUCT_BUNDLE_IDENTIFIER = "Kristopher-Merolla.tickTackToeTests";
				PRODUCT_NAME = "$(TARGET_NAME)";
				SWIFT_VERSION = 3.0;
				TEST_HOST = "$(BUILT_PRODUCTS_DIR)/tickTackToe.app/tickTackToe";
			};
			name = Debug;
		};
		1DFF41681F0EE2B300DDA99E /* Release */ = {
			isa = XCBuildConfiguration;
			buildSettings = {
				ALWAYS_EMBED_SWIFT_STANDARD_LIBRARIES = YES;
				BUNDLE_LOADER = "$(TEST_HOST)";
				DEVELOPMENT_TEAM = YJGM4WFB48;
				INFOPLIST_FILE = tickTackToeTests/Info.plist;
				LD_RUNPATH_SEARCH_PATHS = "$(inherited) @executable_path/Frameworks @loader_path/Frameworks";
				PRODUCT_BUNDLE_IDENTIFIER = "Kristopher-Merolla.tickTackToeTests";
				PRODUCT_NAME = "$(TARGET_NAME)";
				SWIFT_VERSION = 3.0;
				TEST_HOST = "$(BUILT_PRODUCTS_DIR)/tickTackToe.app/tickTackToe";
			};
			name = Release;
		};
		1DFF416A1F0EE2B300DDA99E /* Debug */ = {
			isa = XCBuildConfiguration;
			buildSettings = {
				ALWAYS_EMBED_SWIFT_STANDARD_LIBRARIES = YES;
				DEVELOPMENT_TEAM = YJGM4WFB48;
				INFOPLIST_FILE = tickTackToeUITests/Info.plist;
				LD_RUNPATH_SEARCH_PATHS = "$(inherited) @executable_path/Frameworks @loader_path/Frameworks";
				PRODUCT_BUNDLE_IDENTIFIER = "Kristopher-Merolla.tickTackToeUITests";
				PRODUCT_NAME = "$(TARGET_NAME)";
				SWIFT_VERSION = 3.0;
				TEST_TARGET_NAME = tickTackToe;
			};
			name = Debug;
		};
		1DFF416B1F0EE2B300DDA99E /* Release */ = {
			isa = XCBuildConfiguration;
			buildSettings = {
				ALWAYS_EMBED_SWIFT_STANDARD_LIBRARIES = YES;
				DEVELOPMENT_TEAM = YJGM4WFB48;
				INFOPLIST_FILE = tickTackToeUITests/Info.plist;
				LD_RUNPATH_SEARCH_PATHS = "$(inherited) @executable_path/Frameworks @loader_path/Frameworks";
				PRODUCT_BUNDLE_IDENTIFIER = "Kristopher-Merolla.tickTackToeUITests";
				PRODUCT_NAME = "$(TARGET_NAME)";
				SWIFT_VERSION = 3.0;
				TEST_TARGET_NAME = tickTackToe;
			};
			name = Release;
		};
/* End XCBuildConfiguration section */

/* Begin XCConfigurationList section */
		1DFF41361F0EE2B300DDA99E /* Build configuration list for PBXProject "tickTackToe" */ = {
			isa = XCConfigurationList;
			buildConfigurations = (
				1DFF41611F0EE2B300DDA99E /* Debug */,
				1DFF41621F0EE2B300DDA99E /* Release */,
			);
			defaultConfigurationIsVisible = 0;
			defaultConfigurationName = Release;
		};
		1DFF41631F0EE2B300DDA99E /* Build configuration list for PBXNativeTarget "tickTackToe" */ = {
			isa = XCConfigurationList;
			buildConfigurations = (
				1DFF41641F0EE2B300DDA99E /* Debug */,
				1DFF41651F0EE2B300DDA99E /* Release */,
			);
			defaultConfigurationIsVisible = 0;
		};
		1DFF41661F0EE2B300DDA99E /* Build configuration list for PBXNativeTarget "tickTackToeTests" */ = {
			isa = XCConfigurationList;
			buildConfigurations = (
				1DFF41671F0EE2B300DDA99E /* Debug */,
				1DFF41681F0EE2B300DDA99E /* Release */,
			);
			defaultConfigurationIsVisible = 0;
		};
		1DFF41691F0EE2B300DDA99E /* Build configuration list for PBXNativeTarget "tickTackToeUITests" */ = {
			isa = XCConfigurationList;
			buildConfigurations = (
				1DFF416A1F0EE2B300DDA99E /* Debug */,
				1DFF416B1F0EE2B300DDA99E /* Release */,
			);
			defaultConfigurationIsVisible = 0;
		};
/* End XCConfigurationList section */
	};
	rootObject = 1DFF41331F0EE2B300DDA99E /* Project object */;
}
